
Microsoft Visual Studio Solution File, Format Version 12.00
# Visual Studio 15
VisualStudioVersion = 15.0.28307.168
MinimumVisualStudioVersion = 10.0.40219.1
Project("{E24C65DC-7377-472B-9ABA-BC803B73C61A}") = "FileStorageCloudinary", "FileStorageCloudinary\", "{CE96D2CD-F1D6-4EDE-9E67-4ED145E5983B}"
	ProjectSection(WebsiteProperties) = preProject
		TargetFrameworkMoniker = ".NETFramework,Version%3Dv4.5"
		Debug.AspNetCompiler.VirtualPath = "/localhost_50545"
		Debug.AspNetCompiler.PhysicalPath = "FileStorageCloudinary\"
		Debug.AspNetCompiler.TargetPath = "PrecompiledWeb\localhost_50545\"
		Debug.AspNetCompiler.Updateable = "true"
		Debug.AspNetCompiler.ForceOverwrite = "true"
		Debug.AspNetCompiler.FixedNames = "false"
		Debug.AspNetCompiler.Debug = "True"
		Release.AspNetCompiler.VirtualPath = "/localhost_50545"
		Release.AspNetCompiler.PhysicalPath = "FileStorageCloudinary\"
		Release.AspNetCompiler.TargetPath = "PrecompiledWeb\localhost_50545\"
		Release.AspNetCompiler.Updateable = "true"
		Release.AspNetCompiler.ForceOverwrite = "true"
		Release.AspNetCompiler.FixedNames = "false"
		Release.AspNetCompiler.Debug = "False"
		VWDPort = "50545"
		SlnRelativePath = "FileStorageCloudinary\"
		DefaultWebSiteLanguage = "Visual Basic"
	EndProjectSection
EndProject
Global
	GlobalSection(SolutionConfigurationPlatforms) = preSolution
		Debug|Any CPU = Debug|Any CPU
	EndGlobalSection
	GlobalSection(ProjectConfigurationPlatforms) = postSolution
		{CE96D2CD-F1D6-4EDE-9E67-4ED145E5983B}.Debug|Any CPU.ActiveCfg = Debug|Any CPU
		{CE96D2CD-F1D6-4EDE-9E67-4ED145E5983B}.Debug|Any CPU.Build.0 = Debug|Any CPU
	EndGlobalSection
	GlobalSection(SolutionProperties) = preSolution
		HideSolutionNode = FALSE
	EndGlobalSection
	GlobalSection(ExtensibilityGlobals) = postSolution
		SolutionGuid = {63F795DA-22C0-4D27-A5D4-193EF95DA4A5}
	EndGlobalSection
EndGlobal
